
Microsoft Visual Studio Solution File, Format Version 12.00
# Visual Studio Version 17
VisualStudioVersion = 17.5.33424.131
MinimumVisualStudioVersion = 10.0.40219.1
Project("{9A19103F-16F7-4668-BE54-9A1E7A4F7556}") = "Peter`sToDoManager", "Peter`sToDoManager\Peter`sToDoManager.csproj", "{E1B4859A-E756-4F25-8157-24CB7D2F66B8}"
EndProject
Global
	GlobalSection(SolutionConfigurationPlatforms) = preSolution
		Debug|Any CPU = Debug|Any CPU
		Release|Any CPU = Release|Any CPU
	EndGlobalSection
	GlobalSection(ProjectConfigurationPlatforms) = postSolution
		{E1B4859A-E756-4F25-8157-24CB7D2F66B8}.Debug|Any CPU.ActiveCfg = Debug|Any CPU
		{E1B4859A-E756-4F25-8157-24CB7D2F66B8}.Debug|Any CPU.Build.0 = Debug|Any CPU
		{E1B4859A-E756-4F25-8157-24CB7D2F66B8}.Release|Any CPU.ActiveCfg = Release|Any CPU
		{E1B4859A-E756-4F25-8157-24CB7D2F66B8}.Release|Any CPU.Build.0 = Release|Any CPU
	EndGlobalSection
	GlobalSection(SolutionProperties) = preSolution
		HideSolutionNode = FALSE
	EndGlobalSection
	GlobalSection(ExtensibilityGlobals) = postSolution
		SolutionGuid = {7644A33B-BD07-4341-B806-3C0FFDED57E1}
	EndGlobalSection
EndGlobal
